// !$*UTF8*$!
{
	archiveVersion = 1;
	classes = {
	};
	objectVersion = 56;
	objects = {

/* Begin PBXBuildFile section */
		138B33E71F475178D989AC78 /* AppState.swift in Sources */ = {isa = PBXBuildFile; fileRef = 675733F70C6A47729E2C036B /* AppState.swift */; };
		714ADB6295BD484319DDB40A /* AppStateDomain/AppStateDependencies.swift in Sources */ = {isa = PBXBuildFile; fileRef = 3A288BF1CED7DB14CC4BCE9A /* AppStateDomain/AppStateDependencies.swift */; };
		A0A118BE8D5A72A42530D9E0 /* AppStateDomain/BridgeService.swift in Sources */ = {isa = PBXBuildFile; fileRef = CD80D9211B5AEB3E77CC201B /* AppStateDomain/BridgeService.swift */; };
		4FCA243E2BE7B1B87C2DC1EE /* AppStateDomain/LiveMonitoringCoordinator.swift in Sources */ = {isa = PBXBuildFile; fileRef = 37AC9DF5BB362ABE53787FB7 /* AppStateDomain/LiveMonitoringCoordinator.swift */; };
		175745DAAC639817831C2ABD /* AppStateDomain/LiveRefreshPlanner.swift in Sources */ = {isa = PBXBuildFile; fileRef = 353527FA8C714676E1D5BB08 /* AppStateDomain/LiveRefreshPlanner.swift */; };
		6BD6E9C18F194F86326048E6 /* AppStateDomain/WorkspaceConfigService.swift in Sources */ = {isa = PBXBuildFile; fileRef = CD3AF2D6EEE27B3DFCE5E8BC /* AppStateDomain/WorkspaceConfigService.swift */; };
		D05F1F2D05E366399124CECE /* BridgeClient.swift in Sources */ = {isa = PBXBuildFile; fileRef = D1A8E48DAF3643A9CAE60A38 /* BridgeClient.swift */; };
		300AC9155110207DF70D4783 /* CaptureConsole/CaptureQueueDepthSparkline.swift in Sources */ = {isa = PBXBuildFile; fileRef = CEFE4950974273D86E760245 /* CaptureConsole/CaptureQueueDepthSparkline.swift */; };
		B071E3573B741EB49ACB7EB5 /* CaptureHubView.swift in Sources */ = {isa = PBXBuildFile; fileRef = 83CCF08D56FC31A7E74E914B /* CaptureHubView.swift */; };
		C9C74356BB4BBA89629AFB52 /* CaptureMonitorFormatting.swift in Sources */ = {isa = PBXBuildFile; fileRef = 33A45B0EC388B7A03497FEB2 /* CaptureMonitorFormatting.swift */; };
		6FD9932D64B1D1C29D753DCF /* ConfigureHubView.swift in Sources */ = {isa = PBXBuildFile; fileRef = D22997BC57AA2C16218C09EB /* ConfigureHubView.swift */; };
		25EF29FEE6DB3C6A55E930A4 /* DeliverHubView.swift in Sources */ = {isa = PBXBuildFile; fileRef = FF97F8E99FD6D31438D9E56E /* DeliverHubView.swift */; };
		1A07A1AE271BF4847FAAFE4F /* DeliveryDayWrap/DeliveryControlPane.swift in Sources */ = {isa = PBXBuildFile; fileRef = B14FE43E0F8FEE6CD3212FBA /* DeliveryDayWrap/DeliveryControlPane.swift */; };
		D8D1CAC48123ADE102042E92 /* DeliveryDayWrap/DeliveryFormatting.swift in Sources */ = {isa = PBXBuildFile; fileRef = 5BCC4BFBC596A6D73FFAA397 /* DeliveryDayWrap/DeliveryFormatting.swift */; };
		CF915443FC6D5D12FE8678BF /* DeliveryDayWrap/DeliveryLayoutMetrics.swift in Sources */ = {isa = PBXBuildFile; fileRef = A7F04DFB9E34FBD68B3CBFDA /* DeliveryDayWrap/DeliveryLayoutMetrics.swift */; };
		FCAFBD11FE168278950D59B4 /* DeliveryDayWrap/DeliveryShotListPane.swift in Sources */ = {isa = PBXBuildFile; fileRef = D243223FB1F8844E862F81F8 /* DeliveryDayWrap/DeliveryShotListPane.swift */; };
		E4D06FD8A41D8BBF5757BD6A /* DeliveryDayWrapView.swift in Sources */ = {isa = PBXBuildFile; fileRef = FF5C31137C8AF36D1AAF0C40 /* DeliveryDayWrapView.swift */; };
		2F1A2041FB46702C782E5C98 /* DeliveryRunReducer.swift in Sources */ = {isa = PBXBuildFile; fileRef = 9224EAA88378396F8FB7C33F /* DeliveryRunReducer.swift */; };
		435A17F0656A5DF6BF642C18 /* DesignSystem/CommandControls.swift in Sources */ = {isa = PBXBuildFile; fileRef = E777C21971AD3C8464489C05 /* DesignSystem/CommandControls.swift */; };
		849225BECFE2E8189202F1C0 /* DesignSystem/CoreControls.swift in Sources */ = {isa = PBXBuildFile; fileRef = 51FF608BC9454BFC4801E352 /* DesignSystem/CoreControls.swift */; };
		C57B6C1944D657588286BBC0 /* DesignSystem/DesignTokens.swift in Sources */ = {isa = PBXBuildFile; fileRef = DAF3A52364CC1718C20D88F8 /* DesignSystem/DesignTokens.swift */; };
		7D44597A02D6A550C907F391 /* DesignSystem/EnvironmentKeys.swift in Sources */ = {isa = PBXBuildFile; fileRef = 76E25903DADF16586B5D6DF3 /* DesignSystem/EnvironmentKeys.swift */; };
		72FCC3F56219D5581EA5B78B /* DesignSystem/HeadersAndDisclosures.swift in Sources */ = {isa = PBXBuildFile; fileRef = A855C060B0571ED253D321AD /* DesignSystem/HeadersAndDisclosures.swift */; };
		8A2955C6F2165EDD653FB57C /* DesignSystem/HubStyling.swift in Sources */ = {isa = PBXBuildFile; fileRef = 49F20C19A3FA9775070444CA /* DesignSystem/HubStyling.swift */; };
		D85E821DEAB7F35E35B84247 /* DesignSystem/LayoutPrimitives.swift in Sources */ = {isa = PBXBuildFile; fileRef = B5D264658073E540A4912187 /* DesignSystem/LayoutPrimitives.swift */; };
		4EE8C8C0ADCAE07F67608551 /* DesignSystem.swift in Sources */ = {isa = PBXBuildFile; fileRef = 624D6464AFF1F9AF0857113A /* DesignSystem.swift */; };
		A5DC539A64BD86625DC80324 /* HistoryView.swift in Sources */ = {isa = PBXBuildFile; fileRef = 9AB5C1CB812516A120B00D2C /* HistoryView.swift */; };
		157A5419C022C0B3ABD5CDD2 /* LiveMonitorView.swift in Sources */ = {isa = PBXBuildFile; fileRef = 2661854D098998B2EA8E7B34 /* LiveMonitorView.swift */; };
		38FB15FB816C4F137D2C4B3C /* LiveTelemetryReducer.swift in Sources */ = {isa = PBXBuildFile; fileRef = F33EE10E8A99A4F850FE275E /* LiveTelemetryReducer.swift */; };
		64F4778BE3DDD0F818EAEEB4 /* LogsDiagnosticsView.swift in Sources */ = {isa = PBXBuildFile; fileRef = 502F813E8A36E1D94B8FDFCB /* LogsDiagnosticsView.swift */; };
		B62DF06FD6D5FE6F04C691A3 /* Models.swift in Sources */ = {isa = PBXBuildFile; fileRef = A9D1977BF837AF172307DE8C /* Models.swift */; };
		00DDD9F8627E6EBFF958FBF9 /* MonitoringReducer.swift in Sources */ = {isa = PBXBuildFile; fileRef = 0BD5560C58EED13EABDCA730 /* MonitoringReducer.swift */; };
		1EB1A561DAC9957EC45CCDF2 /* NotificationReducer.swift in Sources */ = {isa = PBXBuildFile; fileRef = 318D8A80F4085E94D3C430C1 /* NotificationReducer.swift */; };
		EB013BE49848FC1BB04B588F /* NotificationViews.swift in Sources */ = {isa = PBXBuildFile; fileRef = B0EBAC0E1E89F9A0C523ED77 /* NotificationViews.swift */; };
		42CCCA538C95B1971841A013 /* PathTimestampHelpers.swift in Sources */ = {isa = PBXBuildFile; fileRef = 80A831E44F415723F03A6F83 /* PathTimestampHelpers.swift */; };
		F73B7C5C2A799063856995AB /* ProjectEditorViewModel.swift in Sources */ = {isa = PBXBuildFile; fileRef = 2390058DD0F9C45F7479EC13 /* ProjectEditorViewModel.swift */; };
		A4A078E3714F71E773078F14 /* ProjectLoggingSectionView.swift in Sources */ = {isa = PBXBuildFile; fileRef = 0B3628DE6BC31C11E3838156 /* ProjectLoggingSectionView.swift */; };
		9603A408F7DB91010992D47B /* ProjectOutputSectionView.swift in Sources */ = {isa = PBXBuildFile; fileRef = 1CFA4F39CEBC966679FABE79 /* ProjectOutputSectionView.swift */; };
		BED297813DAB9FE85939045F /* ProjectPipelineSectionView.swift in Sources */ = {isa = PBXBuildFile; fileRef = 33F65CFFADB163F1046753D2 /* ProjectPipelineSectionView.swift */; };
		7E3A02F6EE2231732274C6E3 /* ProjectPresetsSectionView.swift in Sources */ = {isa = PBXBuildFile; fileRef = D662ACD216A62BCF6E159964 /* ProjectPresetsSectionView.swift */; };
		DD857152FD02873DE88FA2BA /* ProjectView.swift in Sources */ = {isa = PBXBuildFile; fileRef = 864187AEA855DC6AF33FE84B /* ProjectView.swift */; };
		8B57DFF8D6071E9A04AA6554 /* ProjectWatchSectionView.swift in Sources */ = {isa = PBXBuildFile; fileRef = 9DEA61BC00F196FAF17B8EE4 /* ProjectWatchSectionView.swift */; };
		2A84592FB76BA5AE87EEC740 /* QueueView.swift in Sources */ = {isa = PBXBuildFile; fileRef = 23D896E1717E9670E976B51F /* QueueView.swift */; };
		79B9923D57FF09F37FEFEBAA /* RootCommandBarView.swift in Sources */ = {isa = PBXBuildFile; fileRef = B82040E2F9D62C84D64DA85B /* RootCommandBarView.swift */; };
		717386D59EBE397E6EE88236 /* RootShellMetrics.swift in Sources */ = {isa = PBXBuildFile; fileRef = AAA0B650552CC11B0C023333 /* RootShellMetrics.swift */; };
		41BDDBDD67846EDB3E49F880 /* RootSidebarView.swift in Sources */ = {isa = PBXBuildFile; fileRef = 0A9FA764D88BFB34448FA570 /* RootSidebarView.swift */; };
		044570D788F45E63E97CE2B3 /* RootStatusBarView.swift in Sources */ = {isa = PBXBuildFile; fileRef = C1FC346494D54C1501C505F3 /* RootStatusBarView.swift */; };
		3A34BACB49E5C05273FA9C82 /* RootTitlebarSidebarToggleButton.swift in Sources */ = {isa = PBXBuildFile; fileRef = 671C42F2B485326D7B476A6B /* RootTitlebarSidebarToggleButton.swift */; };
		0B3437F204E7645CD798B84F /* RootView.swift in Sources */ = {isa = PBXBuildFile; fileRef = 1A35ED0BB565BA4A28684804 /* RootView.swift */; };
		FEE76416CAAAC43D0AA2594B /* RootWindowChromeConfigurator.swift in Sources */ = {isa = PBXBuildFile; fileRef = 154515B0BDFC9CF66B1B24AF /* RootWindowChromeConfigurator.swift */; };
		EE0131F56E1D1455264B0FA4 /* SetupView.swift in Sources */ = {isa = PBXBuildFile; fileRef = 8CD56ABF65C1E7B861D4F2F9 /* SetupView.swift */; };
		1C9760D2ADE1C0349E197927 /* ShotHealthModel.swift in Sources */ = {isa = PBXBuildFile; fileRef = 637ACA3538B5D28B71230F87 /* ShotHealthModel.swift */; };
		F3DB4ED7B2204573DE9E7849 /* ShotPreview/ShotLightboxView.swift in Sources */ = {isa = PBXBuildFile; fileRef = E2836C158EDDA1E432949B5E /* ShotPreview/ShotLightboxView.swift */; };
		CBB98C737B32E37C544DC099 /* ShotPreview/ShotPreviewKind.swift in Sources */ = {isa = PBXBuildFile; fileRef = 266102517216EED63586ADC8 /* ShotPreview/ShotPreviewKind.swift */; };
		CBF31AD8536A83B1ADA595BA /* ShotPreview/ShotPreviewResolver.swift in Sources */ = {isa = PBXBuildFile; fileRef = E912E980BCD9070DAEE41713 /* ShotPreview/ShotPreviewResolver.swift */; };
		35DFC0FE522F90D886F4F95A /* ShotPreview/ShotThumbnailView.swift in Sources */ = {isa = PBXBuildFile; fileRef = 3E93A53D819FA2AF177E725C /* ShotPreview/ShotThumbnailView.swift */; };
		5A25EFDD290F8CF773FC8B6E /* StopmoXcodeGUIApp.swift in Sources */ = {isa = PBXBuildFile; fileRef = F9070F9F9EC35895DE89514C /* StopmoXcodeGUIApp.swift */; };
		EE9EF4FDC880E05C1E9FC12E /* ToolsView.swift in Sources */ = {isa = PBXBuildFile; fileRef = CBDF3374C8FCC7A4CCD305D4 /* ToolsView.swift */; };
		25D85085C5ED131F929CB610 /* ToolsWorkspace/ToolsDpxPane.swift in Sources */ = {isa = PBXBuildFile; fileRef = 7D7CD8C51271798DD1F8DEBE /* ToolsWorkspace/ToolsDpxPane.swift */; };
		32FAAD0215C4B6111A023604 /* ToolsWorkspace/ToolsMatrixPane.swift in Sources */ = {isa = PBXBuildFile; fileRef = 2047E211211BA3CC7562C4F1 /* ToolsWorkspace/ToolsMatrixPane.swift */; };
		DA49A0876C67C99FBEFCD477 /* ToolsWorkspace/ToolsPaneSharedViews.swift in Sources */ = {isa = PBXBuildFile; fileRef = 27479114790D9AEEA54F975B /* ToolsWorkspace/ToolsPaneSharedViews.swift */; };
		832662CFE714CD7FD22D7188 /* ToolsWorkspace/ToolsPreflightReducer.swift in Sources */ = {isa = PBXBuildFile; fileRef = 9EA47DFB3C2A66F2FE7F02B6 /* ToolsWorkspace/ToolsPreflightReducer.swift */; };
		6BA4001449E30DDCCB7FFCAA /* ToolsWorkspace/ToolsRecentsStore.swift in Sources */ = {isa = PBXBuildFile; fileRef = 8F22335BB52BE7D30550F0B9 /* ToolsWorkspace/ToolsRecentsStore.swift */; };
		90C1A8CF78E5A88DAECBE768 /* ToolsWorkspace/ToolsRunnerService.swift in Sources */ = {isa = PBXBuildFile; fileRef = 963855C05BDFE37CB52268CF /* ToolsWorkspace/ToolsRunnerService.swift */; };
		2DF95B5A8878B26A7CBE9D0D /* ToolsWorkspace/ToolsTimelineReducer.swift in Sources */ = {isa = PBXBuildFile; fileRef = 719954905DC70E2FF6B7C790 /* ToolsWorkspace/ToolsTimelineReducer.swift */; };
		3EC08293479FDF3EB8F5B8C7 /* ToolsWorkspace/ToolsTranscodePane.swift in Sources */ = {isa = PBXBuildFile; fileRef = 12F21AE60F36D91B21C52550 /* ToolsWorkspace/ToolsTranscodePane.swift */; };
		8163D65F3EB288ACC8F28EA7 /* ToolsWorkspace/ToolsWorkspaceDiagnosticsPane.swift in Sources */ = {isa = PBXBuildFile; fileRef = 52602A8F34D31D8291FAE5B0 /* ToolsWorkspace/ToolsWorkspaceDiagnosticsPane.swift */; };
		4B243EFACF7B7D5C4EA7B910 /* ToolsWorkspace/ToolsWorkspaceHeaderView.swift in Sources */ = {isa = PBXBuildFile; fileRef = FC3826145AF75CCD3C175ED9 /* ToolsWorkspace/ToolsWorkspaceHeaderView.swift */; };
		05B0DA05C7D3DD667B1B906F /* ToolsWorkspace/ToolsWorkspaceMapper.swift in Sources */ = {isa = PBXBuildFile; fileRef = 261EF14D80C3033F52DCCA48 /* ToolsWorkspace/ToolsWorkspaceMapper.swift */; };
		C3A7C7171299751F7C30549C /* ToolsWorkspace/ToolsWorkspaceTabBarView.swift in Sources */ = {isa = PBXBuildFile; fileRef = 5AFF4E18E1799B32C9A0B5BA /* ToolsWorkspace/ToolsWorkspaceTabBarView.swift */; };
		22722B91CA5F1CD2945AFDAF /* ToolsWorkspace/ToolsWorkspaceTypes.swift in Sources */ = {isa = PBXBuildFile; fileRef = A7E716C274CBA9070FF31CC4 /* ToolsWorkspace/ToolsWorkspaceTypes.swift */; };
		D516D9570F847C68732349FA /* ToolsWorkspace/ToolsWorkspaceViewModel.swift in Sources */ = {isa = PBXBuildFile; fileRef = CA038AC5523DEFE656E7BCE6 /* ToolsWorkspace/ToolsWorkspaceViewModel.swift */; };
		DE554A10F22E3C5E2FCB285C /* TriageHubView.swift in Sources */ = {isa = PBXBuildFile; fileRef = F9AF4EE0973ACECA2B711E21 /* TriageHubView.swift */; };
		EF9DCE84CBD6AE7F1A9BF744 /* TriageShotHealthBoardView.swift in Sources */ = {isa = PBXBuildFile; fileRef = C738BE541F738155C20C7C2F /* TriageShotHealthBoardView.swift */; };
		A957208A9932B9B0C1D85E75 /* TriageWorkspace/Diagnostics/DiagnosticsFilterReducer.swift in Sources */ = {isa = PBXBuildFile; fileRef = D3E8192E7FCF4699D033E633 /* TriageWorkspace/Diagnostics/DiagnosticsFilterReducer.swift */; };
		A8CC45B887B1B77A737E360F /* TriageWorkspace/Queue/QueueFilterReducer.swift in Sources */ = {isa = PBXBuildFile; fileRef = CD523AC0FB3F075D57CDD784 /* TriageWorkspace/Queue/QueueFilterReducer.swift */; };
		9B20B4C085ABD6A3E054E612 /* WorkspaceIOService.swift in Sources */ = {isa = PBXBuildFile; fileRef = 89E41737BBC047F2CF0FBD3F /* WorkspaceIOService.swift */; };
/* End PBXBuildFile section */

/* Begin PBXFileReference section */
		34F686D89FE98D7807DD38CB /* StopmoXcodeGUI.app */ = {isa = PBXFileReference; explicitFileType = wrapper.application; includeInIndex = 0; path = StopmoXcodeGUI.app; sourceTree = BUILT_PRODUCTS_DIR; };
		EF431FED19380A0D7D5E65CE /* Info.plist */ = {isa = PBXFileReference; lastKnownFileType = text.plist.xml; path = packaging/Info.plist; sourceTree = "<group>"; };
		6851888A471B45F362B9E693 /* entitlements.plist */ = {isa = PBXFileReference; lastKnownFileType = text.plist.entitlements; path = packaging/entitlements.plist; sourceTree = "<group>"; };
		204E97482B5682072413C183 /* entitlements.debug.plist */ = {isa = PBXFileReference; lastKnownFileType = text.plist.entitlements; path = packaging/entitlements.debug.plist; sourceTree = "<group>"; };
		675733F70C6A47729E2C036B /* AppState.swift */ = {isa = PBXFileReference; lastKnownFileType = sourcecode.swift; path = AppState.swift; sourceTree = "<group>"; };
		3A288BF1CED7DB14CC4BCE9A /* AppStateDomain/AppStateDependencies.swift */ = {isa = PBXFileReference; lastKnownFileType = sourcecode.swift; path = AppStateDependencies.swift; sourceTree = "<group>"; };
		CD80D9211B5AEB3E77CC201B /* AppStateDomain/BridgeService.swift */ = {isa = PBXFileReference; lastKnownFileType = sourcecode.swift; path = BridgeService.swift; sourceTree = "<group>"; };
		37AC9DF5BB362ABE53787FB7 /* AppStateDomain/LiveMonitoringCoordinator.swift */ = {isa = PBXFileReference; lastKnownFileType = sourcecode.swift; path = LiveMonitoringCoordinator.swift; sourceTree = "<group>"; };
		353527FA8C714676E1D5BB08 /* AppStateDomain/LiveRefreshPlanner.swift */ = {isa = PBXFileReference; lastKnownFileType = sourcecode.swift; path = LiveRefreshPlanner.swift; sourceTree = "<group>"; };
		CD3AF2D6EEE27B3DFCE5E8BC /* AppStateDomain/WorkspaceConfigService.swift */ = {isa = PBXFileReference; lastKnownFileType = sourcecode.swift; path = WorkspaceConfigService.swift; sourceTree = "<group>"; };
		D1A8E48DAF3643A9CAE60A38 /* BridgeClient.swift */ = {isa = PBXFileReference; lastKnownFileType = sourcecode.swift; path = BridgeClient.swift; sourceTree = "<group>"; };
		CEFE4950974273D86E760245 /* CaptureConsole/CaptureQueueDepthSparkline.swift */ = {isa = PBXFileReference; lastKnownFileType = sourcecode.swift; path = CaptureQueueDepthSparkline.swift; sourceTree = "<group>"; };
		83CCF08D56FC31A7E74E914B /* CaptureHubView.swift */ = {isa = PBXFileReference; lastKnownFileType = sourcecode.swift; path = CaptureHubView.swift; sourceTree = "<group>"; };
		33A45B0EC388B7A03497FEB2 /* CaptureMonitorFormatting.swift */ = {isa = PBXFileReference; lastKnownFileType = sourcecode.swift; path = CaptureMonitorFormatting.swift; sourceTree = "<group>"; };
		D22997BC57AA2C16218C09EB /* ConfigureHubView.swift */ = {isa = PBXFileReference; lastKnownFileType = sourcecode.swift; path = ConfigureHubView.swift; sourceTree = "<group>"; };
		FF97F8E99FD6D31438D9E56E /* DeliverHubView.swift */ = {isa = PBXFileReference; lastKnownFileType = sourcecode.swift; path = DeliverHubView.swift; sourceTree = "<group>"; };
		B14FE43E0F8FEE6CD3212FBA /* DeliveryDayWrap/DeliveryControlPane.swift */ = {isa = PBXFileReference; lastKnownFileType = sourcecode.swift; path = DeliveryControlPane.swift; sourceTree = "<group>"; };
		5BCC4BFBC596A6D73FFAA397 /* DeliveryDayWrap/DeliveryFormatting.swift */ = {isa = PBXFileReference; lastKnownFileType = sourcecode.swift; path = DeliveryFormatting.swift; sourceTree = "<group>"; };
		A7F04DFB9E34FBD68B3CBFDA /* DeliveryDayWrap/DeliveryLayoutMetrics.swift */ = {isa = PBXFileReference; lastKnownFileType = sourcecode.swift; path = DeliveryLayoutMetrics.swift; sourceTree = "<group>"; };
		D243223FB1F8844E862F81F8 /* DeliveryDayWrap/DeliveryShotListPane.swift */ = {isa = PBXFileReference; lastKnownFileType = sourcecode.swift; path = DeliveryShotListPane.swift; sourceTree = "<group>"; };
		FF5C31137C8AF36D1AAF0C40 /* DeliveryDayWrapView.swift */ = {isa = PBXFileReference; lastKnownFileType = sourcecode.swift; path = DeliveryDayWrapView.swift; sourceTree = "<group>"; };
		9224EAA88378396F8FB7C33F /* DeliveryRunReducer.swift */ = {isa = PBXFileReference; lastKnownFileType = sourcecode.swift; path = DeliveryRunReducer.swift; sourceTree = "<group>"; };
		E777C21971AD3C8464489C05 /* DesignSystem/CommandControls.swift */ = {isa = PBXFileReference; lastKnownFileType = sourcecode.swift; path = CommandControls.swift; sourceTree = "<group>"; };
		51FF608BC9454BFC4801E352 /* DesignSystem/CoreControls.swift */ = {isa = PBXFileReference; lastKnownFileType = sourcecode.swift; path = CoreControls.swift; sourceTree = "<group>"; };
		DAF3A52364CC1718C20D88F8 /* DesignSystem/DesignTokens.swift */ = {isa = PBXFileReference; lastKnownFileType = sourcecode.swift; path = DesignTokens.swift; sourceTree = "<group>"; };
		76E25903DADF16586B5D6DF3 /* DesignSystem/EnvironmentKeys.swift */ = {isa = PBXFileReference; lastKnownFileType = sourcecode.swift; path = EnvironmentKeys.swift; sourceTree = "<group>"; };
		A855C060B0571ED253D321AD /* DesignSystem/HeadersAndDisclosures.swift */ = {isa = PBXFileReference; lastKnownFileType = sourcecode.swift; path = HeadersAndDisclosures.swift; sourceTree = "<group>"; };
		49F20C19A3FA9775070444CA /* DesignSystem/HubStyling.swift */ = {isa = PBXFileReference; lastKnownFileType = sourcecode.swift; path = HubStyling.swift; sourceTree = "<group>"; };
		B5D264658073E540A4912187 /* DesignSystem/LayoutPrimitives.swift */ = {isa = PBXFileReference; lastKnownFileType = sourcecode.swift; path = LayoutPrimitives.swift; sourceTree = "<group>"; };
		624D6464AFF1F9AF0857113A /* DesignSystem.swift */ = {isa = PBXFileReference; lastKnownFileType = sourcecode.swift; path = DesignSystem.swift; sourceTree = "<group>"; };
		9AB5C1CB812516A120B00D2C /* HistoryView.swift */ = {isa = PBXFileReference; lastKnownFileType = sourcecode.swift; path = HistoryView.swift; sourceTree = "<group>"; };
		2661854D098998B2EA8E7B34 /* LiveMonitorView.swift */ = {isa = PBXFileReference; lastKnownFileType = sourcecode.swift; path = LiveMonitorView.swift; sourceTree = "<group>"; };
		F33EE10E8A99A4F850FE275E /* LiveTelemetryReducer.swift */ = {isa = PBXFileReference; lastKnownFileType = sourcecode.swift; path = LiveTelemetryReducer.swift; sourceTree = "<group>"; };
		502F813E8A36E1D94B8FDFCB /* LogsDiagnosticsView.swift */ = {isa = PBXFileReference; lastKnownFileType = sourcecode.swift; path = LogsDiagnosticsView.swift; sourceTree = "<group>"; };
		A9D1977BF837AF172307DE8C /* Models.swift */ = {isa = PBXFileReference; lastKnownFileType = sourcecode.swift; path = Models.swift; sourceTree = "<group>"; };
		0BD5560C58EED13EABDCA730 /* MonitoringReducer.swift */ = {isa = PBXFileReference; lastKnownFileType = sourcecode.swift; path = MonitoringReducer.swift; sourceTree = "<group>"; };
		318D8A80F4085E94D3C430C1 /* NotificationReducer.swift */ = {isa = PBXFileReference; lastKnownFileType = sourcecode.swift; path = NotificationReducer.swift; sourceTree = "<group>"; };
		B0EBAC0E1E89F9A0C523ED77 /* NotificationViews.swift */ = {isa = PBXFileReference; lastKnownFileType = sourcecode.swift; path = NotificationViews.swift; sourceTree = "<group>"; };
		80A831E44F415723F03A6F83 /* PathTimestampHelpers.swift */ = {isa = PBXFileReference; lastKnownFileType = sourcecode.swift; path = PathTimestampHelpers.swift; sourceTree = "<group>"; };
		2390058DD0F9C45F7479EC13 /* ProjectEditorViewModel.swift */ = {isa = PBXFileReference; lastKnownFileType = sourcecode.swift; path = ProjectEditorViewModel.swift; sourceTree = "<group>"; };
		0B3628DE6BC31C11E3838156 /* ProjectLoggingSectionView.swift */ = {isa = PBXFileReference; lastKnownFileType = sourcecode.swift; path = ProjectLoggingSectionView.swift; sourceTree = "<group>"; };
		1CFA4F39CEBC966679FABE79 /* ProjectOutputSectionView.swift */ = {isa = PBXFileReference; lastKnownFileType = sourcecode.swift; path = ProjectOutputSectionView.swift; sourceTree = "<group>"; };
		33F65CFFADB163F1046753D2 /* ProjectPipelineSectionView.swift */ = {isa = PBXFileReference; lastKnownFileType = sourcecode.swift; path = ProjectPipelineSectionView.swift; sourceTree = "<group>"; };
		D662ACD216A62BCF6E159964 /* ProjectPresetsSectionView.swift */ = {isa = PBXFileReference; lastKnownFileType = sourcecode.swift; path = ProjectPresetsSectionView.swift; sourceTree = "<group>"; };
		864187AEA855DC6AF33FE84B /* ProjectView.swift */ = {isa = PBXFileReference; lastKnownFileType = sourcecode.swift; path = ProjectView.swift; sourceTree = "<group>"; };
		9DEA61BC00F196FAF17B8EE4 /* ProjectWatchSectionView.swift */ = {isa = PBXFileReference; lastKnownFileType = sourcecode.swift; path = ProjectWatchSectionView.swift; sourceTree = "<group>"; };
		23D896E1717E9670E976B51F /* QueueView.swift */ = {isa = PBXFileReference; lastKnownFileType = sourcecode.swift; path = QueueView.swift; sourceTree = "<group>"; };
		B82040E2F9D62C84D64DA85B /* RootCommandBarView.swift */ = {isa = PBXFileReference; lastKnownFileType = sourcecode.swift; path = RootCommandBarView.swift; sourceTree = "<group>"; };
		AAA0B650552CC11B0C023333 /* RootShellMetrics.swift */ = {isa = PBXFileReference; lastKnownFileType = sourcecode.swift; path = RootShellMetrics.swift; sourceTree = "<group>"; };
		0A9FA764D88BFB34448FA570 /* RootSidebarView.swift */ = {isa = PBXFileReference; lastKnownFileType = sourcecode.swift; path = RootSidebarView.swift; sourceTree = "<group>"; };
		C1FC346494D54C1501C505F3 /* RootStatusBarView.swift */ = {isa = PBXFileReference; lastKnownFileType = sourcecode.swift; path = RootStatusBarView.swift; sourceTree = "<group>"; };
		671C42F2B485326D7B476A6B /* RootTitlebarSidebarToggleButton.swift */ = {isa = PBXFileReference; lastKnownFileType = sourcecode.swift; path = RootTitlebarSidebarToggleButton.swift; sourceTree = "<group>"; };
		1A35ED0BB565BA4A28684804 /* RootView.swift */ = {isa = PBXFileReference; lastKnownFileType = sourcecode.swift; path = RootView.swift; sourceTree = "<group>"; };
		154515B0BDFC9CF66B1B24AF /* RootWindowChromeConfigurator.swift */ = {isa = PBXFileReference; lastKnownFileType = sourcecode.swift; path = RootWindowChromeConfigurator.swift; sourceTree = "<group>"; };
		8CD56ABF65C1E7B861D4F2F9 /* SetupView.swift */ = {isa = PBXFileReference; lastKnownFileType = sourcecode.swift; path = SetupView.swift; sourceTree = "<group>"; };
		637ACA3538B5D28B71230F87 /* ShotHealthModel.swift */ = {isa = PBXFileReference; lastKnownFileType = sourcecode.swift; path = ShotHealthModel.swift; sourceTree = "<group>"; };
		E2836C158EDDA1E432949B5E /* ShotPreview/ShotLightboxView.swift */ = {isa = PBXFileReference; lastKnownFileType = sourcecode.swift; path = ShotLightboxView.swift; sourceTree = "<group>"; };
		266102517216EED63586ADC8 /* ShotPreview/ShotPreviewKind.swift */ = {isa = PBXFileReference; lastKnownFileType = sourcecode.swift; path = ShotPreviewKind.swift; sourceTree = "<group>"; };
		E912E980BCD9070DAEE41713 /* ShotPreview/ShotPreviewResolver.swift */ = {isa = PBXFileReference; lastKnownFileType = sourcecode.swift; path = ShotPreviewResolver.swift; sourceTree = "<group>"; };
		3E93A53D819FA2AF177E725C /* ShotPreview/ShotThumbnailView.swift */ = {isa = PBXFileReference; lastKnownFileType = sourcecode.swift; path = ShotThumbnailView.swift; sourceTree = "<group>"; };
		F9070F9F9EC35895DE89514C /* StopmoXcodeGUIApp.swift */ = {isa = PBXFileReference; lastKnownFileType = sourcecode.swift; path = StopmoXcodeGUIApp.swift; sourceTree = "<group>"; };
		CBDF3374C8FCC7A4CCD305D4 /* ToolsView.swift */ = {isa = PBXFileReference; lastKnownFileType = sourcecode.swift; path = ToolsView.swift; sourceTree = "<group>"; };
		7D7CD8C51271798DD1F8DEBE /* ToolsWorkspace/ToolsDpxPane.swift */ = {isa = PBXFileReference; lastKnownFileType = sourcecode.swift; path = ToolsDpxPane.swift; sourceTree = "<group>"; };
		2047E211211BA3CC7562C4F1 /* ToolsWorkspace/ToolsMatrixPane.swift */ = {isa = PBXFileReference; lastKnownFileType = sourcecode.swift; path = ToolsMatrixPane.swift; sourceTree = "<group>"; };
		27479114790D9AEEA54F975B /* ToolsWorkspace/ToolsPaneSharedViews.swift */ = {isa = PBXFileReference; lastKnownFileType = sourcecode.swift; path = ToolsPaneSharedViews.swift; sourceTree = "<group>"; };
		9EA47DFB3C2A66F2FE7F02B6 /* ToolsWorkspace/ToolsPreflightReducer.swift */ = {isa = PBXFileReference; lastKnownFileType = sourcecode.swift; path = ToolsPreflightReducer.swift; sourceTree = "<group>"; };
		8F22335BB52BE7D30550F0B9 /* ToolsWorkspace/ToolsRecentsStore.swift */ = {isa = PBXFileReference; lastKnownFileType = sourcecode.swift; path = ToolsRecentsStore.swift; sourceTree = "<group>"; };
		963855C05BDFE37CB52268CF /* ToolsWorkspace/ToolsRunnerService.swift */ = {isa = PBXFileReference; lastKnownFileType = sourcecode.swift; path = ToolsRunnerService.swift; sourceTree = "<group>"; };
		719954905DC70E2FF6B7C790 /* ToolsWorkspace/ToolsTimelineReducer.swift */ = {isa = PBXFileReference; lastKnownFileType = sourcecode.swift; path = ToolsTimelineReducer.swift; sourceTree = "<group>"; };
		12F21AE60F36D91B21C52550 /* ToolsWorkspace/ToolsTranscodePane.swift */ = {isa = PBXFileReference; lastKnownFileType = sourcecode.swift; path = ToolsTranscodePane.swift; sourceTree = "<group>"; };
		52602A8F34D31D8291FAE5B0 /* ToolsWorkspace/ToolsWorkspaceDiagnosticsPane.swift */ = {isa = PBXFileReference; lastKnownFileType = sourcecode.swift; path = ToolsWorkspaceDiagnosticsPane.swift; sourceTree = "<group>"; };
		FC3826145AF75CCD3C175ED9 /* ToolsWorkspace/ToolsWorkspaceHeaderView.swift */ = {isa = PBXFileReference; lastKnownFileType = sourcecode.swift; path = ToolsWorkspaceHeaderView.swift; sourceTree = "<group>"; };
		261EF14D80C3033F52DCCA48 /* ToolsWorkspace/ToolsWorkspaceMapper.swift */ = {isa = PBXFileReference; lastKnownFileType = sourcecode.swift; path = ToolsWorkspaceMapper.swift; sourceTree = "<group>"; };
		5AFF4E18E1799B32C9A0B5BA /* ToolsWorkspace/ToolsWorkspaceTabBarView.swift */ = {isa = PBXFileReference; lastKnownFileType = sourcecode.swift; path = ToolsWorkspaceTabBarView.swift; sourceTree = "<group>"; };
		A7E716C274CBA9070FF31CC4 /* ToolsWorkspace/ToolsWorkspaceTypes.swift */ = {isa = PBXFileReference; lastKnownFileType = sourcecode.swift; path = ToolsWorkspaceTypes.swift; sourceTree = "<group>"; };
		CA038AC5523DEFE656E7BCE6 /* ToolsWorkspace/ToolsWorkspaceViewModel.swift */ = {isa = PBXFileReference; lastKnownFileType = sourcecode.swift; path = ToolsWorkspaceViewModel.swift; sourceTree = "<group>"; };
		F9AF4EE0973ACECA2B711E21 /* TriageHubView.swift */ = {isa = PBXFileReference; lastKnownFileType = sourcecode.swift; path = TriageHubView.swift; sourceTree = "<group>"; };
		C738BE541F738155C20C7C2F /* TriageShotHealthBoardView.swift */ = {isa = PBXFileReference; lastKnownFileType = sourcecode.swift; path = TriageShotHealthBoardView.swift; sourceTree = "<group>"; };
		D3E8192E7FCF4699D033E633 /* TriageWorkspace/Diagnostics/DiagnosticsFilterReducer.swift */ = {isa = PBXFileReference; lastKnownFileType = sourcecode.swift; path = DiagnosticsFilterReducer.swift; sourceTree = "<group>"; };
		CD523AC0FB3F075D57CDD784 /* TriageWorkspace/Queue/QueueFilterReducer.swift */ = {isa = PBXFileReference; lastKnownFileType = sourcecode.swift; path = QueueFilterReducer.swift; sourceTree = "<group>"; };
		89E41737BBC047F2CF0FBD3F /* WorkspaceIOService.swift */ = {isa = PBXFileReference; lastKnownFileType = sourcecode.swift; path = WorkspaceIOService.swift; sourceTree = "<group>"; };
/* End PBXFileReference section */

/* Begin PBXFrameworksBuildPhase section */
		6DDAA9C0EA5B0E693F0D1C16 /* Frameworks */ = {
			isa = PBXFrameworksBuildPhase;
			buildActionMask = 2147483647;
			files = (
			);
			runOnlyForDeploymentPostprocessing = 0;
		};
/* End PBXFrameworksBuildPhase section */

/* Begin PBXGroup section */
		2EB2D8158FC6EF9EB19CB439 = {
			isa = PBXGroup;
			children = (
				2568F4DEBB06535449829F17 /* Sources */,
				EFFB3ED641C12006A34F98DF /* Packaging */,
				1E78B559816E575FC0BDB29C /* Products */,
			);
			sourceTree = "<group>";
		};
		1E78B559816E575FC0BDB29C /* Products */ = {
			isa = PBXGroup;
			children = (
				34F686D89FE98D7807DD38CB /* StopmoXcodeGUI.app */,
			);
			name = Products;
			sourceTree = "<group>";
		};
		2568F4DEBB06535449829F17 /* Sources */ = {
			isa = PBXGroup;
			children = (
				A7D8CE70846932FEE851CAD6 /* StopmoXcodeGUI */,
			);
			path = Sources;
			sourceTree = "<group>";
		};
		A7D8CE70846932FEE851CAD6 /* StopmoXcodeGUI */ = {
			isa = PBXGroup;
			children = (
				298CE9CFCDFB1CD1CD11E3F5 /* AppStateDomain */,
				C123B4B4E59FFE99ABE9D5C6 /* CaptureConsole */,
				746BA44BDA1F801A32088F2D /* DeliveryDayWrap */,
				5F360107A5B837FF491EEA37 /* DesignSystem */,
				D664FC2440064A6C805F97D7 /* ShotPreview */,
				952AD302FE14A7B8AE0A8BE9 /* ToolsWorkspace */,
				6D99D4D61F8AF50723DB0495 /* TriageWorkspace */,
				675733F70C6A47729E2C036B /* AppState.swift */,
				D1A8E48DAF3643A9CAE60A38 /* BridgeClient.swift */,
				83CCF08D56FC31A7E74E914B /* CaptureHubView.swift */,
				33A45B0EC388B7A03497FEB2 /* CaptureMonitorFormatting.swift */,
				D22997BC57AA2C16218C09EB /* ConfigureHubView.swift */,
				FF97F8E99FD6D31438D9E56E /* DeliverHubView.swift */,
				FF5C31137C8AF36D1AAF0C40 /* DeliveryDayWrapView.swift */,
				9224EAA88378396F8FB7C33F /* DeliveryRunReducer.swift */,
				624D6464AFF1F9AF0857113A /* DesignSystem.swift */,
				9AB5C1CB812516A120B00D2C /* HistoryView.swift */,
				2661854D098998B2EA8E7B34 /* LiveMonitorView.swift */,
				F33EE10E8A99A4F850FE275E /* LiveTelemetryReducer.swift */,
				502F813E8A36E1D94B8FDFCB /* LogsDiagnosticsView.swift */,
				A9D1977BF837AF172307DE8C /* Models.swift */,
				0BD5560C58EED13EABDCA730 /* MonitoringReducer.swift */,
				318D8A80F4085E94D3C430C1 /* NotificationReducer.swift */,
				B0EBAC0E1E89F9A0C523ED77 /* NotificationViews.swift */,
				80A831E44F415723F03A6F83 /* PathTimestampHelpers.swift */,
				2390058DD0F9C45F7479EC13 /* ProjectEditorViewModel.swift */,
				0B3628DE6BC31C11E3838156 /* ProjectLoggingSectionView.swift */,
				1CFA4F39CEBC966679FABE79 /* ProjectOutputSectionView.swift */,
				33F65CFFADB163F1046753D2 /* ProjectPipelineSectionView.swift */,
				D662ACD216A62BCF6E159964 /* ProjectPresetsSectionView.swift */,
				864187AEA855DC6AF33FE84B /* ProjectView.swift */,
				9DEA61BC00F196FAF17B8EE4 /* ProjectWatchSectionView.swift */,
				23D896E1717E9670E976B51F /* QueueView.swift */,
				B82040E2F9D62C84D64DA85B /* RootCommandBarView.swift */,
				AAA0B650552CC11B0C023333 /* RootShellMetrics.swift */,
				0A9FA764D88BFB34448FA570 /* RootSidebarView.swift */,
				C1FC346494D54C1501C505F3 /* RootStatusBarView.swift */,
				671C42F2B485326D7B476A6B /* RootTitlebarSidebarToggleButton.swift */,
				1A35ED0BB565BA4A28684804 /* RootView.swift */,
				154515B0BDFC9CF66B1B24AF /* RootWindowChromeConfigurator.swift */,
				8CD56ABF65C1E7B861D4F2F9 /* SetupView.swift */,
				637ACA3538B5D28B71230F87 /* ShotHealthModel.swift */,
				F9070F9F9EC35895DE89514C /* StopmoXcodeGUIApp.swift */,
				CBDF3374C8FCC7A4CCD305D4 /* ToolsView.swift */,
				F9AF4EE0973ACECA2B711E21 /* TriageHubView.swift */,
				C738BE541F738155C20C7C2F /* TriageShotHealthBoardView.swift */,
				89E41737BBC047F2CF0FBD3F /* WorkspaceIOService.swift */,
			);
			path = StopmoXcodeGUI;
			sourceTree = "<group>";
		};
		298CE9CFCDFB1CD1CD11E3F5 /* AppStateDomain */ = {
			isa = PBXGroup;
			children = (
				3A288BF1CED7DB14CC4BCE9A /* AppStateDomain/AppStateDependencies.swift */,
				CD80D9211B5AEB3E77CC201B /* AppStateDomain/BridgeService.swift */,
				37AC9DF5BB362ABE53787FB7 /* AppStateDomain/LiveMonitoringCoordinator.swift */,
				353527FA8C714676E1D5BB08 /* AppStateDomain/LiveRefreshPlanner.swift */,
				CD3AF2D6EEE27B3DFCE5E8BC /* AppStateDomain/WorkspaceConfigService.swift */,
			);
			path = AppStateDomain;
			sourceTree = "<group>";
		};
		C123B4B4E59FFE99ABE9D5C6 /* CaptureConsole */ = {
			isa = PBXGroup;
			children = (
				CEFE4950974273D86E760245 /* CaptureConsole/CaptureQueueDepthSparkline.swift */,
			);
			path = CaptureConsole;
			sourceTree = "<group>";
		};
		746BA44BDA1F801A32088F2D /* DeliveryDayWrap */ = {
			isa = PBXGroup;
			children = (
				B14FE43E0F8FEE6CD3212FBA /* DeliveryDayWrap/DeliveryControlPane.swift */,
				5BCC4BFBC596A6D73FFAA397 /* DeliveryDayWrap/DeliveryFormatting.swift */,
				A7F04DFB9E34FBD68B3CBFDA /* DeliveryDayWrap/DeliveryLayoutMetrics.swift */,
				D243223FB1F8844E862F81F8 /* DeliveryDayWrap/DeliveryShotListPane.swift */,
			);
			path = DeliveryDayWrap;
			sourceTree = "<group>";
		};
		5F360107A5B837FF491EEA37 /* DesignSystem */ = {
			isa = PBXGroup;
			children = (
				E777C21971AD3C8464489C05 /* DesignSystem/CommandControls.swift */,
				51FF608BC9454BFC4801E352 /* DesignSystem/CoreControls.swift */,
				DAF3A52364CC1718C20D88F8 /* DesignSystem/DesignTokens.swift */,
				76E25903DADF16586B5D6DF3 /* DesignSystem/EnvironmentKeys.swift */,
				A855C060B0571ED253D321AD /* DesignSystem/HeadersAndDisclosures.swift */,
				49F20C19A3FA9775070444CA /* DesignSystem/HubStyling.swift */,
				B5D264658073E540A4912187 /* DesignSystem/LayoutPrimitives.swift */,
			);
			path = DesignSystem;
			sourceTree = "<group>";
		};
		D664FC2440064A6C805F97D7 /* ShotPreview */ = {
			isa = PBXGroup;
			children = (
				E2836C158EDDA1E432949B5E /* ShotPreview/ShotLightboxView.swift */,
				266102517216EED63586ADC8 /* ShotPreview/ShotPreviewKind.swift */,
				E912E980BCD9070DAEE41713 /* ShotPreview/ShotPreviewResolver.swift */,
				3E93A53D819FA2AF177E725C /* ShotPreview/ShotThumbnailView.swift */,
			);
			path = ShotPreview;
			sourceTree = "<group>";
		};
		952AD302FE14A7B8AE0A8BE9 /* ToolsWorkspace */ = {
			isa = PBXGroup;
			children = (
				7D7CD8C51271798DD1F8DEBE /* ToolsWorkspace/ToolsDpxPane.swift */,
				2047E211211BA3CC7562C4F1 /* ToolsWorkspace/ToolsMatrixPane.swift */,
				27479114790D9AEEA54F975B /* ToolsWorkspace/ToolsPaneSharedViews.swift */,
				9EA47DFB3C2A66F2FE7F02B6 /* ToolsWorkspace/ToolsPreflightReducer.swift */,
				8F22335BB52BE7D30550F0B9 /* ToolsWorkspace/ToolsRecentsStore.swift */,
				963855C05BDFE37CB52268CF /* ToolsWorkspace/ToolsRunnerService.swift */,
				719954905DC70E2FF6B7C790 /* ToolsWorkspace/ToolsTimelineReducer.swift */,
				12F21AE60F36D91B21C52550 /* ToolsWorkspace/ToolsTranscodePane.swift */,
				52602A8F34D31D8291FAE5B0 /* ToolsWorkspace/ToolsWorkspaceDiagnosticsPane.swift */,
				FC3826145AF75CCD3C175ED9 /* ToolsWorkspace/ToolsWorkspaceHeaderView.swift */,
				261EF14D80C3033F52DCCA48 /* ToolsWorkspace/ToolsWorkspaceMapper.swift */,
				5AFF4E18E1799B32C9A0B5BA /* ToolsWorkspace/ToolsWorkspaceTabBarView.swift */,
				A7E716C274CBA9070FF31CC4 /* ToolsWorkspace/ToolsWorkspaceTypes.swift */,
				CA038AC5523DEFE656E7BCE6 /* ToolsWorkspace/ToolsWorkspaceViewModel.swift */,
			);
			path = ToolsWorkspace;
			sourceTree = "<group>";
		};
		6D99D4D61F8AF50723DB0495 /* TriageWorkspace */ = {
			isa = PBXGroup;
			children = (
				39F866BD0BB944B8C5FC1CB9 /* Diagnostics */,
				C123A1A852C16CD99B6F9637 /* Queue */,
			);
			path = TriageWorkspace;
			sourceTree = "<group>";
		};
		39F866BD0BB944B8C5FC1CB9 /* Diagnostics */ = {
			isa = PBXGroup;
			children = (
				D3E8192E7FCF4699D033E633 /* TriageWorkspace/Diagnostics/DiagnosticsFilterReducer.swift */,
			);
			path = Diagnostics;
			sourceTree = "<group>";
		};
		C123A1A852C16CD99B6F9637 /* Queue */ = {
			isa = PBXGroup;
			children = (
				CD523AC0FB3F075D57CDD784 /* TriageWorkspace/Queue/QueueFilterReducer.swift */,
			);
			path = Queue;
			sourceTree = "<group>";
		};
		EFFB3ED641C12006A34F98DF /* Packaging */ = {
			isa = PBXGroup;
			children = (
				EF431FED19380A0D7D5E65CE /* Info.plist */,
				204E97482B5682072413C183 /* entitlements.debug.plist */,
				6851888A471B45F362B9E693 /* entitlements.plist */,
			);
			path = packaging;
			sourceTree = "<group>";
		};
/* End PBXGroup section */

/* Begin PBXNativeTarget section */
		1822280F6B0881F495C33105 /* StopmoXcodeGUI */ = {
			isa = PBXNativeTarget;
			buildConfigurationList = E31BA15CC04B0F0B923553D1 /* Build configuration list for PBXNativeTarget "StopmoXcodeGUI" */;
			buildPhases = (
				618F1122C97F2A4F1196BFB7 /* Sources */,
				6DDAA9C0EA5B0E693F0D1C16 /* Frameworks */,
				7228B63E0150643C7AB55AED /* Resources */,
			);
			buildRules = (
			);
			dependencies = (
			);
			name = StopmoXcodeGUI;
			productName = StopmoXcodeGUI;
			productReference = 34F686D89FE98D7807DD38CB /* StopmoXcodeGUI.app */;
			productType = "com.apple.product-type.application";
		};
/* End PBXNativeTarget section */

/* Begin PBXProject section */
		9E88446A3F44B57E975BE17B /* Project object */ = {
			isa = PBXProject;
			attributes = {
				BuildIndependentTargetsInParallel = 1;
				LastSwiftUpdateCheck = 2600;
				LastUpgradeCheck = 2600;
				TargetAttributes = {
					1822280F6B0881F495C33105 = {
						CreatedOnToolsVersion = 26.2;
					};
				};
			};
			buildConfigurationList = 314425BAD361EE8153704C56 /* Build configuration list for PBXProject "StopmoXcodeGUI" */;
			compatibilityVersion = "Xcode 14.0";
			developmentRegion = en;
			hasScannedForEncodings = 0;
			knownRegions = (
				en,
				Base,
			);
			mainGroup = 2EB2D8158FC6EF9EB19CB439;
			productRefGroup = 1E78B559816E575FC0BDB29C /* Products */;
			projectDirPath = "";
			projectRoot = "";
			targets = (
				1822280F6B0881F495C33105 /* StopmoXcodeGUI */,
			);
		};
/* End PBXProject section */

/* Begin PBXResourcesBuildPhase section */
		7228B63E0150643C7AB55AED /* Resources */ = {
			isa = PBXResourcesBuildPhase;
			buildActionMask = 2147483647;
			files = (
			);
			runOnlyForDeploymentPostprocessing = 0;
		};
/* End PBXResourcesBuildPhase section */

/* Begin PBXSourcesBuildPhase section */
		618F1122C97F2A4F1196BFB7 /* Sources */ = {
			isa = PBXSourcesBuildPhase;
			buildActionMask = 2147483647;
			files = (
				138B33E71F475178D989AC78 /* AppState.swift in Sources */,
				714ADB6295BD484319DDB40A /* AppStateDomain/AppStateDependencies.swift in Sources */,
				A0A118BE8D5A72A42530D9E0 /* AppStateDomain/BridgeService.swift in Sources */,
				4FCA243E2BE7B1B87C2DC1EE /* AppStateDomain/LiveMonitoringCoordinator.swift in Sources */,
				175745DAAC639817831C2ABD /* AppStateDomain/LiveRefreshPlanner.swift in Sources */,
				6BD6E9C18F194F86326048E6 /* AppStateDomain/WorkspaceConfigService.swift in Sources */,
				D05F1F2D05E366399124CECE /* BridgeClient.swift in Sources */,
				300AC9155110207DF70D4783 /* CaptureConsole/CaptureQueueDepthSparkline.swift in Sources */,
				B071E3573B741EB49ACB7EB5 /* CaptureHubView.swift in Sources */,
				C9C74356BB4BBA89629AFB52 /* CaptureMonitorFormatting.swift in Sources */,
				6FD9932D64B1D1C29D753DCF /* ConfigureHubView.swift in Sources */,
				25EF29FEE6DB3C6A55E930A4 /* DeliverHubView.swift in Sources */,
				1A07A1AE271BF4847FAAFE4F /* DeliveryDayWrap/DeliveryControlPane.swift in Sources */,
				D8D1CAC48123ADE102042E92 /* DeliveryDayWrap/DeliveryFormatting.swift in Sources */,
				CF915443FC6D5D12FE8678BF /* DeliveryDayWrap/DeliveryLayoutMetrics.swift in Sources */,
				FCAFBD11FE168278950D59B4 /* DeliveryDayWrap/DeliveryShotListPane.swift in Sources */,
				E4D06FD8A41D8BBF5757BD6A /* DeliveryDayWrapView.swift in Sources */,
				2F1A2041FB46702C782E5C98 /* DeliveryRunReducer.swift in Sources */,
				435A17F0656A5DF6BF642C18 /* DesignSystem/CommandControls.swift in Sources */,
				849225BECFE2E8189202F1C0 /* DesignSystem/CoreControls.swift in Sources */,
				C57B6C1944D657588286BBC0 /* DesignSystem/DesignTokens.swift in Sources */,
				7D44597A02D6A550C907F391 /* DesignSystem/EnvironmentKeys.swift in Sources */,
				72FCC3F56219D5581EA5B78B /* DesignSystem/HeadersAndDisclosures.swift in Sources */,
				8A2955C6F2165EDD653FB57C /* DesignSystem/HubStyling.swift in Sources */,
				D85E821DEAB7F35E35B84247 /* DesignSystem/LayoutPrimitives.swift in Sources */,
				4EE8C8C0ADCAE07F67608551 /* DesignSystem.swift in Sources */,
				A5DC539A64BD86625DC80324 /* HistoryView.swift in Sources */,
				157A5419C022C0B3ABD5CDD2 /* LiveMonitorView.swift in Sources */,
				38FB15FB816C4F137D2C4B3C /* LiveTelemetryReducer.swift in Sources */,
				64F4778BE3DDD0F818EAEEB4 /* LogsDiagnosticsView.swift in Sources */,
				B62DF06FD6D5FE6F04C691A3 /* Models.swift in Sources */,
				00DDD9F8627E6EBFF958FBF9 /* MonitoringReducer.swift in Sources */,
				1EB1A561DAC9957EC45CCDF2 /* NotificationReducer.swift in Sources */,
				EB013BE49848FC1BB04B588F /* NotificationViews.swift in Sources */,
				42CCCA538C95B1971841A013 /* PathTimestampHelpers.swift in Sources */,
				F73B7C5C2A799063856995AB /* ProjectEditorViewModel.swift in Sources */,
				A4A078E3714F71E773078F14 /* ProjectLoggingSectionView.swift in Sources */,
				9603A408F7DB91010992D47B /* ProjectOutputSectionView.swift in Sources */,
				BED297813DAB9FE85939045F /* ProjectPipelineSectionView.swift in Sources */,
				7E3A02F6EE2231732274C6E3 /* ProjectPresetsSectionView.swift in Sources */,
				DD857152FD02873DE88FA2BA /* ProjectView.swift in Sources */,
				8B57DFF8D6071E9A04AA6554 /* ProjectWatchSectionView.swift in Sources */,
				2A84592FB76BA5AE87EEC740 /* QueueView.swift in Sources */,
				79B9923D57FF09F37FEFEBAA /* RootCommandBarView.swift in Sources */,
				717386D59EBE397E6EE88236 /* RootShellMetrics.swift in Sources */,
				41BDDBDD67846EDB3E49F880 /* RootSidebarView.swift in Sources */,
				044570D788F45E63E97CE2B3 /* RootStatusBarView.swift in Sources */,
				3A34BACB49E5C05273FA9C82 /* RootTitlebarSidebarToggleButton.swift in Sources */,
				0B3437F204E7645CD798B84F /* RootView.swift in Sources */,
				FEE76416CAAAC43D0AA2594B /* RootWindowChromeConfigurator.swift in Sources */,
				EE0131F56E1D1455264B0FA4 /* SetupView.swift in Sources */,
				1C9760D2ADE1C0349E197927 /* ShotHealthModel.swift in Sources */,
				F3DB4ED7B2204573DE9E7849 /* ShotPreview/ShotLightboxView.swift in Sources */,
				CBB98C737B32E37C544DC099 /* ShotPreview/ShotPreviewKind.swift in Sources */,
				CBF31AD8536A83B1ADA595BA /* ShotPreview/ShotPreviewResolver.swift in Sources */,
				35DFC0FE522F90D886F4F95A /* ShotPreview/ShotThumbnailView.swift in Sources */,
				5A25EFDD290F8CF773FC8B6E /* StopmoXcodeGUIApp.swift in Sources */,
				EE9EF4FDC880E05C1E9FC12E /* ToolsView.swift in Sources */,
				25D85085C5ED131F929CB610 /* ToolsWorkspace/ToolsDpxPane.swift in Sources */,
				32FAAD0215C4B6111A023604 /* ToolsWorkspace/ToolsMatrixPane.swift in Sources */,
				DA49A0876C67C99FBEFCD477 /* ToolsWorkspace/ToolsPaneSharedViews.swift in Sources */,
				832662CFE714CD7FD22D7188 /* ToolsWorkspace/ToolsPreflightReducer.swift in Sources */,
				6BA4001449E30DDCCB7FFCAA /* ToolsWorkspace/ToolsRecentsStore.swift in Sources */,
				90C1A8CF78E5A88DAECBE768 /* ToolsWorkspace/ToolsRunnerService.swift in Sources */,
				2DF95B5A8878B26A7CBE9D0D /* ToolsWorkspace/ToolsTimelineReducer.swift in Sources */,
				3EC08293479FDF3EB8F5B8C7 /* ToolsWorkspace/ToolsTranscodePane.swift in Sources */,
				8163D65F3EB288ACC8F28EA7 /* ToolsWorkspace/ToolsWorkspaceDiagnosticsPane.swift in Sources */,
				4B243EFACF7B7D5C4EA7B910 /* ToolsWorkspace/ToolsWorkspaceHeaderView.swift in Sources */,
				05B0DA05C7D3DD667B1B906F /* ToolsWorkspace/ToolsWorkspaceMapper.swift in Sources */,
				C3A7C7171299751F7C30549C /* ToolsWorkspace/ToolsWorkspaceTabBarView.swift in Sources */,
				22722B91CA5F1CD2945AFDAF /* ToolsWorkspace/ToolsWorkspaceTypes.swift in Sources */,
				D516D9570F847C68732349FA /* ToolsWorkspace/ToolsWorkspaceViewModel.swift in Sources */,
				DE554A10F22E3C5E2FCB285C /* TriageHubView.swift in Sources */,
				EF9DCE84CBD6AE7F1A9BF744 /* TriageShotHealthBoardView.swift in Sources */,
				A957208A9932B9B0C1D85E75 /* TriageWorkspace/Diagnostics/DiagnosticsFilterReducer.swift in Sources */,
				A8CC45B887B1B77A737E360F /* TriageWorkspace/Queue/QueueFilterReducer.swift in Sources */,
				9B20B4C085ABD6A3E054E612 /* WorkspaceIOService.swift in Sources */,
			);
			runOnlyForDeploymentPostprocessing = 0;
		};
/* End PBXSourcesBuildPhase section */

/* Begin XCBuildConfiguration section */
		06638E962A6E8E2ACAE332C2 /* Debug */ = {
			isa = XCBuildConfiguration;
			buildSettings = {
				ALWAYS_SEARCH_USER_PATHS = NO;
				CLANG_ENABLE_MODULES = YES;
				CLANG_ENABLE_OBJC_WEAK = YES;
				COPY_PHASE_STRIP = NO;
				DEAD_CODE_STRIPPING = YES;
				ENABLE_TESTABILITY = YES;
				ENABLE_USER_SCRIPT_SANDBOXING = YES;
				GCC_OPTIMIZATION_LEVEL = 0;
				MACOSX_DEPLOYMENT_TARGET = 14.0;
				ONLY_ACTIVE_ARCH = YES;
				SDKROOT = macosx;
				SWIFT_VERSION = 6.0;
			};
			name = Debug;
		};
		BF26485C9BD55CCDFED10BBB /* Release */ = {
			isa = XCBuildConfiguration;
			buildSettings = {
				ALWAYS_SEARCH_USER_PATHS = NO;
				CLANG_ENABLE_MODULES = YES;
				CLANG_ENABLE_OBJC_WEAK = YES;
				COPY_PHASE_STRIP = NO;
				DEAD_CODE_STRIPPING = YES;
				ENABLE_USER_SCRIPT_SANDBOXING = YES;
				MACOSX_DEPLOYMENT_TARGET = 14.0;
				SDKROOT = macosx;
				SWIFT_COMPILATION_MODE = wholemodule;
				SWIFT_VERSION = 6.0;
			};
			name = Release;
		};
		C6F7D77CFEE3F3714426E427 /* Debug */ = {
			isa = XCBuildConfiguration;
			buildSettings = {
				ASSETCATALOG_COMPILER_GENERATE_SWIFT_ASSET_SYMBOL_EXTENSIONS = YES;
				CODE_SIGN_ENTITLEMENTS = packaging/entitlements.debug.plist;
				CODE_SIGN_STYLE = Automatic;
				CURRENT_PROJECT_VERSION = 1;
				DEVELOPMENT_TEAM = "";
				ENABLE_HARDENED_RUNTIME = NO;
				GENERATE_INFOPLIST_FILE = NO;
				INFOPLIST_FILE = packaging/Info.plist;
				LD_RUNPATH_SEARCH_PATHS = (
					"$(inherited)",
					"@executable_path/../Frameworks",
				);
				MARKETING_VERSION = 0.2.0;
				PRODUCT_BUNDLE_IDENTIFIER = com.stopmo.xcode.gui;
				PRODUCT_NAME = "$(TARGET_NAME)";
				SWIFT_EMIT_LOC_STRINGS = YES;
				SWIFT_VERSION = 6.0;
			};
			name = Debug;
		};
		9F8E5B827E07885EFAD454FC /* Release */ = {
			isa = XCBuildConfiguration;
			buildSettings = {
				ASSETCATALOG_COMPILER_GENERATE_SWIFT_ASSET_SYMBOL_EXTENSIONS = YES;
				CODE_SIGN_ENTITLEMENTS = packaging/entitlements.plist;
				CODE_SIGN_STYLE = Automatic;
				CURRENT_PROJECT_VERSION = 1;
				DEVELOPMENT_TEAM = "";
				ENABLE_HARDENED_RUNTIME = YES;
				GENERATE_INFOPLIST_FILE = NO;
				INFOPLIST_FILE = packaging/Info.plist;
				LD_RUNPATH_SEARCH_PATHS = (
					"$(inherited)",
					"@executable_path/../Frameworks",
				);
				MARKETING_VERSION = 0.2.0;
				PRODUCT_BUNDLE_IDENTIFIER = com.stopmo.xcode.gui;
				PRODUCT_NAME = "$(TARGET_NAME)";
				SWIFT_EMIT_LOC_STRINGS = YES;
				SWIFT_VERSION = 6.0;
			};
			name = Release;
		};
/* End XCBuildConfiguration section */

/* Begin XCConfigurationList section */
		314425BAD361EE8153704C56 /* Build configuration list for PBXProject "StopmoXcodeGUI" */ = {
			isa = XCConfigurationList;
			buildConfigurations = (
				06638E962A6E8E2ACAE332C2 /* Debug */,
				BF26485C9BD55CCDFED10BBB /* Release */,
			);
			defaultConfigurationIsVisible = 0;
			defaultConfigurationName = Release;
		};
		E31BA15CC04B0F0B923553D1 /* Build configuration list for PBXNativeTarget "StopmoXcodeGUI" */ = {
			isa = XCConfigurationList;
			buildConfigurations = (
				C6F7D77CFEE3F3714426E427 /* Debug */,
				9F8E5B827E07885EFAD454FC /* Release */,
			);
			defaultConfigurationIsVisible = 0;
			defaultConfigurationName = Release;
		};
/* End XCConfigurationList section */
	};
	rootObject = 9E88446A3F44B57E975BE17B /* Project object */;
}
